
Microsoft Visual Studio Solution File, Format Version 12.00
# Visual Studio Version 17
VisualStudioVersion = 17.0.31903.59
MinimumVisualStudioVersion = 10.0.40219.1
Project("{9A19103F-16F7-4668-BE54-9A1E7A4F7556}") = "NiuX.Extensions", "NiuX.Extensions\NiuX.Extensions.csproj", "{746B7D64-255B-45AD-AAE7-F0C94E1CCD1C}"
EndProject
Project("{9A19103F-16F7-4668-BE54-9A1E7A4F7556}") = "NiuX.Tools", "NiuX.Tools\NiuX.Tools.csproj", "{71C10B1A-258A-4E25-B741-0AE4838D6EA0}"
EndProject
Global
	GlobalSection(SolutionConfigurationPlatforms) = preSolution
		Debug|Any CPU = Debug|Any CPU
		Debug|x64 = Debug|x64
		Release|Any CPU = Release|Any CPU
		Release|x64 = Release|x64
	EndGlobalSection
	GlobalSection(ProjectConfigurationPlatforms) = postSolution
		{746B7D64-255B-45AD-AAE7-F0C94E1CCD1C}.Debug|Any CPU.ActiveCfg = Debug|Any CPU
		{746B7D64-255B-45AD-AAE7-F0C94E1CCD1C}.Debug|Any CPU.Build.0 = Debug|Any CPU
		{746B7D64-255B-45AD-AAE7-F0C94E1CCD1C}.Debug|x64.ActiveCfg = Debug|x64
		{746B7D64-255B-45AD-AAE7-F0C94E1CCD1C}.Debug|x64.Build.0 = Debug|x64
		{746B7D64-255B-45AD-AAE7-F0C94E1CCD1C}.Release|Any CPU.ActiveCfg = Release|Any CPU
		{746B7D64-255B-45AD-AAE7-F0C94E1CCD1C}.Release|Any CPU.Build.0 = Release|Any CPU
		{746B7D64-255B-45AD-AAE7-F0C94E1CCD1C}.Release|x64.ActiveCfg = Release|x64
		{746B7D64-255B-45AD-AAE7-F0C94E1CCD1C}.Release|x64.Build.0 = Release|x64
		{71C10B1A-258A-4E25-B741-0AE4838D6EA0}.Debug|Any CPU.ActiveCfg = Debug|Any CPU
		{71C10B1A-258A-4E25-B741-0AE4838D6EA0}.Debug|Any CPU.Build.0 = Debug|Any CPU
		{71C10B1A-258A-4E25-B741-0AE4838D6EA0}.Debug|x64.ActiveCfg = Debug|Any CPU
		{71C10B1A-258A-4E25-B741-0AE4838D6EA0}.Debug|x64.Build.0 = Debug|Any CPU
		{71C10B1A-258A-4E25-B741-0AE4838D6EA0}.Release|Any CPU.ActiveCfg = Release|Any CPU
		{71C10B1A-258A-4E25-B741-0AE4838D6EA0}.Release|Any CPU.Build.0 = Release|Any CPU
		{71C10B1A-258A-4E25-B741-0AE4838D6EA0}.Release|x64.ActiveCfg = Release|Any CPU
		{71C10B1A-258A-4E25-B741-0AE4838D6EA0}.Release|x64.Build.0 = Release|Any CPU
	EndGlobalSection
	GlobalSection(SolutionProperties) = preSolution
		HideSolutionNode = FALSE
	EndGlobalSection
	GlobalSection(ExtensibilityGlobals) = postSolution
		SolutionGuid = {F2AA8624-7164-4BFC-8F82-8972D563EFF4}
	EndGlobalSection
EndGlobal
